
Microsoft Visual Studio Solution File, Format Version 12.00
# Visual Studio Version 16
VisualStudioVersion = 16.0.30114.105
MinimumVisualStudioVersion = 10.0.40219.1
Project("{FAE04EC0-301F-11D3-BF4B-00C04F79EFBC}") = "AvaloniaSelectionModel", "AvaloniaSelectionModel\AvaloniaSelectionModel.csproj", "{7070C20B-4387-47E6-8C25-9C418422DD7A}"
EndProject
Global
	GlobalSection(SolutionConfigurationPlatforms) = preSolution
		Debug|Any CPU = Debug|Any CPU
		Release|Any CPU = Release|Any CPU
	EndGlobalSection
	GlobalSection(ProjectConfigurationPlatforms) = postSolution
		{7070C20B-4387-47E6-8C25-9C418422DD7A}.Debug|Any CPU.ActiveCfg = Debug|Any CPU
		{7070C20B-4387-47E6-8C25-9C418422DD7A}.Debug|Any CPU.Build.0 = Debug|Any CPU
		{7070C20B-4387-47E6-8C25-9C418422DD7A}.Release|Any CPU.ActiveCfg = Release|Any CPU
		{7070C20B-4387-47E6-8C25-9C418422DD7A}.Release|Any CPU.Build.0 = Release|Any CPU
	EndGlobalSection
	GlobalSection(SolutionProperties) = preSolution
		HideSolutionNode = FALSE
	EndGlobalSection
	GlobalSection(ExtensibilityGlobals) = postSolution
		SolutionGuid = {ED5AAEBD-863B-4DA0-ADF0-D71E725C5649}
	EndGlobalSection
EndGlobal
